
Microsoft Visual Studio Solution File, Format Version 12.00
# Visual Studio Version 16
VisualStudioVersion = 16.0.31321.278
MinimumVisualStudioVersion = 10.0.40219.1
Project("{FAE04EC0-301F-11D3-BF4B-00C04F79EFBC}") = "ConsoleAppbai2", "ConsoleAppbai2\ConsoleAppbai2.csproj", "{6EEBF7A7-C372-4C0A-83CB-598F97AB506A}"
EndProject
Global
	GlobalSection(SolutionConfigurationPlatforms) = preSolution
		Debug|Any CPU = Debug|Any CPU
		Release|Any CPU = Release|Any CPU
	EndGlobalSection
	GlobalSection(ProjectConfigurationPlatforms) = postSolution
		{6EEBF7A7-C372-4C0A-83CB-598F97AB506A}.Debug|Any CPU.ActiveCfg = Debug|Any CPU
		{6EEBF7A7-C372-4C0A-83CB-598F97AB506A}.Debug|Any CPU.Build.0 = Debug|Any CPU
		{6EEBF7A7-C372-4C0A-83CB-598F97AB506A}.Release|Any CPU.ActiveCfg = Release|Any CPU
		{6EEBF7A7-C372-4C0A-83CB-598F97AB506A}.Release|Any CPU.Build.0 = Release|Any CPU
	EndGlobalSection
	GlobalSection(SolutionProperties) = preSolution
		HideSolutionNode = FALSE
	EndGlobalSection
	GlobalSection(ExtensibilityGlobals) = postSolution
		SolutionGuid = {86DFB75B-D3AF-487F-B3B0-E594C7C5267D}
	EndGlobalSection
EndGlobal
